github.com/google/go-cmp v0.7.0 h1:wk8382ETsv4JYUZwIsn6YpYiWiBsYLSJiTsyBybVuN8=
github.com/google/go-cmp v0.7.0/go.mod h1:pXiqmnSA92OHEEa9HXL2W4E7lf9JzCmGVUdgjX3N/iU=
github.com/google/safehtml v0.1.0 h1:EwLKo8qawTKfsi0orxcQAZzu07cICaBeFMegAU9eaT8=
github.com/google/safehtml v0.1.0/go.mod h1:L4KWwDsUJdECRAEpZoBn3O64bQaywRscowZjJAzjHnU=
github.com/ilhamster/tracey v0.0.0-20260113235238-f00f37f166c1 h1:7m3mZOVwrxvf+7JcvfPMenFqspAmvusBwjvcPyH59+U=
github.com/ilhamster/tracey v0.0.0-20260113235238-f00f37f166c1/go.mod h1:qkdlg5ZEM0q/sN34JPxPCsfxWNtsY0wOMNu55B3mc4s=
golang.org/x/sync v0.19.0 h1:vV+1eWNmZ5geRlYjzm2adRgW2/mcpevXNg50YZtPCE4=
golang.org/x/sync v0.19.0/go.mod h1:9KTHXmSnoGruLpwFjVSX0lNNA75CykiMECbovNTZqGI=
golang.org/x/text v0.3.3/go.mod h1:5Zoc/QRtKVWzQhOtBMvqHzDpF6irO9z98xDceosuGiQ=
golang.org/x/text v0.3.8 h1:nAL+RVCQ9uMn3vJZbV+MRnydTJFPf8qqY42YiA6MrqY=
golang.org/x/text v0.3.8/go.mod h1:E6s5w1FMmriuDzIBO73fBruAKo1PCIq6d2Q6DHfQ8WQ=
github.com/hashicorp/golang-lru v0.6.0 h1:uL2shRDx7RTrOrTCUZEGP/wJUFiUI8QT6E7z5o8jga4=
github.com/hashicorp/golang-lru v0.6.0/go.mod h1:iADmTwqILo4mZ8BN3D2Q6+9jd8WM5uGBxy+E8yxSoD4=
